// !$*UTF8*$!
{
	archiveVersion = 1;
	classes = {
	};
	objectVersion = 52;
	objects = {

/* Begin PBXBuildFile section */
		CA268BF1268B0D7500B449E5 /* TabViewModel.swift in Sources */ = {isa = PBXBuildFile; fileRef = CA268BF0268B0D7500B449E5 /* TabViewModel.swift */; };
		CA268BF3268B100D00B449E5 /* HomeViewModel.swift in Sources */ = {isa = PBXBuildFile; fileRef = CA268BF2268B100D00B449E5 /* HomeViewModel.swift */; };
		CA268BF5268B7D4900B449E5 /* NoteViewModel.swift in Sources */ = {isa = PBXBuildFile; fileRef = CA268BF4268B7D4900B449E5 /* NoteViewModel.swift */; };
		CA268BF7268B7F0800B449E5 /* Constants.swift in Sources */ = {isa = PBXBuildFile; fileRef = CA268BF6268B7F0800B449E5 /* Constants.swift */; };
		CA27A901268D7212009C2CF7 /* dark_icon.png in Resources */ = {isa = PBXBuildFile; fileRef = CA27A900268D7212009C2CF7 /* dark_icon.png */; };
		CA315D0B268FE4E0005C97B0 /* NotesWidget.intentdefinition in Sources */ = {isa = PBXBuildFile; fileRef = CA8CB99E268FE33C00CD8E6A /* NotesWidget.intentdefinition */; };
		CA315D0C268FE4E1005C97B0 /* NotesWidget.intentdefinition in Sources */ = {isa = PBXBuildFile; fileRef = CA8CB99E268FE33C00CD8E6A /* NotesWidget.intentdefinition */; };
		CA315D1426900840005C97B0 /* Assets.xcassets in Resources */ = {isa = PBXBuildFile; fileRef = CA315D1326900840005C97B0 /* Assets.xcassets */; };
		CA315D1B26900841005C97B0 /* NotesWatch Extension.appex in Embed App Extensions */ = {isa = PBXBuildFile; fileRef = CA315D1A26900841005C97B0 /* NotesWatch Extension.appex */; settings = {ATTRIBUTES = (RemoveHeadersOnCopy, ); }; };
		CA315D2026900841005C97B0 /* ContentView.swift in Sources */ = {isa = PBXBuildFile; fileRef = CA315D1F26900841005C97B0 /* ContentView.swift */; };
		CA315D2226900841005C97B0 /* NotesApp.swift in Sources */ = {isa = PBXBuildFile; fileRef = CA315D2126900841005C97B0 /* NotesApp.swift */; };
		CA315D2426900841005C97B0 /* ComplicationController.swift in Sources */ = {isa = PBXBuildFile; fileRef = CA315D2326900841005C97B0 /* ComplicationController.swift */; };
		CA315D2626900843005C97B0 /* Assets.xcassets in Resources */ = {isa = PBXBuildFile; fileRef = CA315D2526900843005C97B0 /* Assets.xcassets */; };
		CA315D2926900843005C97B0 /* Preview Assets.xcassets in Resources */ = {isa = PBXBuildFile; fileRef = CA315D2826900843005C97B0 /* Preview Assets.xcassets */; };
		CA315D2D26900843005C97B0 /* NotesWatch.app in Embed Watch Content */ = {isa = PBXBuildFile; fileRef = CA315D112690083C005C97B0 /* NotesWatch.app */; platformFilter = ios; settings = {ATTRIBUTES = (RemoveHeadersOnCopy, ); }; };
		CA34D1D0268D5B8D007E260C /* LockedNoteView.swift in Sources */ = {isa = PBXBuildFile; fileRef = CA34D1CF268D5B8D007E260C /* LockedNoteView.swift */; };
		CA34D1D3268D64E6007E260C /* SwifterSwift in Frameworks */ = {isa = PBXBuildFile; productRef = CA34D1D2268D64E6007E260C /* SwifterSwift */; };
		CA5E9E6A268E12A80000D96F /* ImagePickerView.swift in Sources */ = {isa = PBXBuildFile; fileRef = CA5E9E69268E12A80000D96F /* ImagePickerView.swift */; };
		CA6F5FE5268A31FD00B34727 /* NotesApp.swift in Sources */ = {isa = PBXBuildFile; fileRef = CA6F5FE4268A31FD00B34727 /* NotesApp.swift */; };
		CA6F5FE7268A31FD00B34727 /* ContentView.swift in Sources */ = {isa = PBXBuildFile; fileRef = CA6F5FE6268A31FD00B34727 /* ContentView.swift */; };
		CA6F5FE9268A320000B34727 /* Assets.xcassets in Resources */ = {isa = PBXBuildFile; fileRef = CA6F5FE8268A320000B34727 /* Assets.xcassets */; };
		CA6F5FEC268A320000B34727 /* Preview Assets.xcassets in Resources */ = {isa = PBXBuildFile; fileRef = CA6F5FEB268A320000B34727 /* Preview Assets.xcassets */; };
		CA6F5FF7268A326F00B34727 /* NoteModel.swift in Sources */ = {isa = PBXBuildFile; fileRef = CA6F5FF6268A326F00B34727 /* NoteModel.swift */; };
		CA6F5FFC268A349A00B34727 /* PersistenceModel.swift in Sources */ = {isa = PBXBuildFile; fileRef = CA6F5FFB268A349A00B34727 /* PersistenceModel.swift */; };
		CA6F6000268A384500B34727 /* MainTabView.swift in Sources */ = {isa = PBXBuildFile; fileRef = CA6F5FFF268A384500B34727 /* MainTabView.swift */; };
		CA6F6002268A387400B34727 /* HomeView.swift in Sources */ = {isa = PBXBuildFile; fileRef = CA6F6001268A387400B34727 /* HomeView.swift */; };
		CA6F6004268A387E00B34727 /* SettingsView.swift in Sources */ = {isa = PBXBuildFile; fileRef = CA6F6003268A387E00B34727 /* SettingsView.swift */; };
		CA8CB98E268FE31900CD8E6A /* WidgetKit.framework in Frameworks */ = {isa = PBXBuildFile; fileRef = CA8CB98D268FE31900CD8E6A /* WidgetKit.framework */; };
		CA8CB990268FE31900CD8E6A /* SwiftUI.framework in Frameworks */ = {isa = PBXBuildFile; fileRef = CA8CB98F268FE31900CD8E6A /* SwiftUI.framework */; };
		CA8CB993268FE31900CD8E6A /* NotesWidget.swift in Sources */ = {isa = PBXBuildFile; fileRef = CA8CB992268FE31900CD8E6A /* NotesWidget.swift */; };
		CA8CB995268FE31D00CD8E6A /* Assets.xcassets in Resources */ = {isa = PBXBuildFile; fileRef = CA8CB994268FE31D00CD8E6A /* Assets.xcassets */; };
		CA8CB999268FE31D00CD8E6A /* NotesWidgetExtension.appex in Embed App Extensions */ = {isa = PBXBuildFile; fileRef = CA8CB98B268FE31900CD8E6A /* NotesWidgetExtension.appex */; settings = {ATTRIBUTES = (RemoveHeadersOnCopy, ); }; };
		CA8CB99F268FE33C00CD8E6A /* NotesWidget.intentdefinition in Sources */ = {isa = PBXBuildFile; fileRef = CA8CB99E268FE33C00CD8E6A /* NotesWidget.intentdefinition */; };
		CA8CB9A6268FE3D800CD8E6A /* Intents.framework in Frameworks */ = {isa = PBXBuildFile; fileRef = CA8CB9A5268FE3D800CD8E6A /* Intents.framework */; };
		CA8CB9A9268FE3D800CD8E6A /* IntentHandler.swift in Sources */ = {isa = PBXBuildFile; fileRef = CA8CB9A8268FE3D800CD8E6A /* IntentHandler.swift */; };
		CA8CB9AD268FE3D800CD8E6A /* NotesWdigetIntentExtension.appex in Embed App Extensions */ = {isa = PBXBuildFile; fileRef = CA8CB9A4268FE3D800CD8E6A /* NotesWdigetIntentExtension.appex */; settings = {ATTRIBUTES = (RemoveHeadersOnCopy, ); }; };
		CA956A59268A996000AE5D1D /* SettingsViewModel.swift in Sources */ = {isa = PBXBuildFile; fileRef = CA956A58268A996000AE5D1D /* SettingsViewModel.swift */; };
		CAA8FDA5268E4D330006FFF5 /* Note+CoreDataClass.swift in Sources */ = {isa = PBXBuildFile; fileRef = CAA8FDA1268E4D330006FFF5 /* Note+CoreDataClass.swift */; };
		CAA8FDA6268E4D330006FFF5 /* Note+CoreDataProperties.swift in Sources */ = {isa = PBXBuildFile; fileRef = CAA8FDA2268E4D330006FFF5 /* Note+CoreDataProperties.swift */; };
		CAA8FDA7268E4D330006FFF5 /* NoteImage+CoreDataClass.swift in Sources */ = {isa = PBXBuildFile; fileRef = CAA8FDA3268E4D330006FFF5 /* NoteImage+CoreDataClass.swift */; };
		CAA8FDA8268E4D330006FFF5 /* NoteImage+CoreDataProperties.swift in Sources */ = {isa = PBXBuildFile; fileRef = CAA8FDA4268E4D330006FFF5 /* NoteImage+CoreDataProperties.swift */; };
		CAAFE64A268A4B1E00A38490 /* NoteView.swift in Sources */ = {isa = PBXBuildFile; fileRef = CAAFE649268A4B1E00A38490 /* NoteView.swift */; };
		CAEBFEE3268BBBCB0048F4DE /* CustomListView.swift in Sources */ = {isa = PBXBuildFile; fileRef = CAEBFEE2268BBBCB0048F4DE /* CustomListView.swift */; };
		CAEBFEE5268BCAC30048F4DE /* NavigationButtonsView.swift in Sources */ = {isa = PBXBuildFile; fileRef = CAEBFEE4268BCAC30048F4DE /* NavigationButtonsView.swift */; };
		CAEDCFF0268E629500F116E7 /* NoteDataModel.xcdatamodeld in Sources */ = {isa = PBXBuildFile; fileRef = CA6F5FF8268A335700B34727 /* NoteDataModel.xcdatamodeld */; };
/* End PBXBuildFile section */

/* Begin PBXContainerItemProxy section */
		CA315D1C26900841005C97B0 /* PBXContainerItemProxy */ = {
			isa = PBXContainerItemProxy;
			containerPortal = CA6F5FD9268A31FD00B34727 /* Project object */;
			proxyType = 1;
			remoteGlobalIDString = CA315D1926900841005C97B0;
			remoteInfo = "NotesWatch Extension";
		};
		CA315D2B26900843005C97B0 /* PBXContainerItemProxy */ = {
			isa = PBXContainerItemProxy;
			containerPortal = CA6F5FD9268A31FD00B34727 /* Project object */;
			proxyType = 1;
			remoteGlobalIDString = CA315D102690083C005C97B0;
			remoteInfo = NotesWatch;
		};
		CA8CB997268FE31D00CD8E6A /* PBXContainerItemProxy */ = {
			isa = PBXContainerItemProxy;
			containerPortal = CA6F5FD9268A31FD00B34727 /* Project object */;
			proxyType = 1;
			remoteGlobalIDString = CA8CB98A268FE31900CD8E6A;
			remoteInfo = NotesWidgetExtension;
		};
		CA8CB9AB268FE3D800CD8E6A /* PBXContainerItemProxy */ = {
			isa = PBXContainerItemProxy;
			containerPortal = CA6F5FD9268A31FD00B34727 /* Project object */;
			proxyType = 1;
			remoteGlobalIDString = CA8CB9A3268FE3D800CD8E6A;
			remoteInfo = NotesWdigetIntentExtension;
		};
/* End PBXContainerItemProxy section */

/* Begin PBXCopyFilesBuildPhase section */
		CA315D3126900843005C97B0 /* Embed App Extensions */ = {
			isa = PBXCopyFilesBuildPhase;
			buildActionMask = 2147483647;
			dstPath = "";
			dstSubfolderSpec = 13;
			files = (
				CA315D1B26900841005C97B0 /* NotesWatch Extension.appex in Embed App Extensions */,
			);
			name = "Embed App Extensions";
			runOnlyForDeploymentPostprocessing = 0;
		};
		CA315D3526900843005C97B0 /* Embed Watch Content */ = {
			isa = PBXCopyFilesBuildPhase;
			buildActionMask = 2147483647;
			dstPath = "$(CONTENTS_FOLDER_PATH)/Watch";
			dstSubfolderSpec = 16;
			files = (
				CA315D2D26900843005C97B0 /* NotesWatch.app in Embed Watch Content */,
			);
			name = "Embed Watch Content";
			runOnlyForDeploymentPostprocessing = 0;
		};
		CA8CB99A268FE31D00CD8E6A /* Embed App Extensions */ = {
			isa = PBXCopyFilesBuildPhase;
			buildActionMask = 2147483647;
			dstPath = "";
			dstSubfolderSpec = 13;
			files = (
				CA8CB9AD268FE3D800CD8E6A /* NotesWdigetIntentExtension.appex in Embed App Extensions */,
				CA8CB999268FE31D00CD8E6A /* NotesWidgetExtension.appex in Embed App Extensions */,
			);
			name = "Embed App Extensions";
			runOnlyForDeploymentPostprocessing = 0;
		};
/* End PBXCopyFilesBuildPhase section */

/* Begin PBXFileReference section */
		CA268BF0268B0D7500B449E5 /* TabViewModel.swift */ = {isa = PBXFileReference; lastKnownFileType = sourcecode.swift; path = TabViewModel.swift; sourceTree = "<group>"; };
		CA268BF2268B100D00B449E5 /* HomeViewModel.swift */ = {isa = PBXFileReference; lastKnownFileType = sourcecode.swift; path = HomeViewModel.swift; sourceTree = "<group>"; };
		CA268BF4268B7D4900B449E5 /* NoteViewModel.swift */ = {isa = PBXFileReference; lastKnownFileType = sourcecode.swift; path = NoteViewModel.swift; sourceTree = "<group>"; };
		CA268BF6268B7F0800B449E5 /* Constants.swift */ = {isa = PBXFileReference; lastKnownFileType = sourcecode.swift; path = Constants.swift; sourceTree = "<group>"; };
		CA27A900268D7212009C2CF7 /* dark_icon.png */ = {isa = PBXFileReference; lastKnownFileType = image.png; path = dark_icon.png; sourceTree = "<group>"; };
		CA315D112690083C005C97B0 /* NotesWatch.app */ = {isa = PBXFileReference; explicitFileType = wrapper.application; includeInIndex = 0; path = NotesWatch.app; sourceTree = BUILT_PRODUCTS_DIR; };
		CA315D1326900840005C97B0 /* Assets.xcassets */ = {isa = PBXFileReference; lastKnownFileType = folder.assetcatalog; path = Assets.xcassets; sourceTree = "<group>"; };
		CA315D1526900840005C97B0 /* Info.plist */ = {isa = PBXFileReference; lastKnownFileType = text.plist.xml; path = Info.plist; sourceTree = "<group>"; };
		CA315D1A26900841005C97B0 /* NotesWatch Extension.appex */ = {isa = PBXFileReference; explicitFileType = "wrapper.app-extension"; includeInIndex = 0; path = "NotesWatch Extension.appex"; sourceTree = BUILT_PRODUCTS_DIR; };
		CA315D1F26900841005C97B0 /* ContentView.swift */ = {isa = PBXFileReference; lastKnownFileType = sourcecode.swift; path = ContentView.swift; sourceTree = "<group>"; };
		CA315D2126900841005C97B0 /* NotesApp.swift */ = {isa = PBXFileReference; lastKnownFileType = sourcecode.swift; path = NotesApp.swift; sourceTree = "<group>"; };
		CA315D2326900841005C97B0 /* ComplicationController.swift */ = {isa = PBXFileReference; lastKnownFileType = sourcecode.swift; path = ComplicationController.swift; sourceTree = "<group>"; };
		CA315D2526900843005C97B0 /* Assets.xcassets */ = {isa = PBXFileReference; lastKnownFileType = folder.assetcatalog; path = Assets.xcassets; sourceTree = "<group>"; };
		CA315D2826900843005C97B0 /* Preview Assets.xcassets */ = {isa = PBXFileReference; lastKnownFileType = folder.assetcatalog; path = "Preview Assets.xcassets"; sourceTree = "<group>"; };
		CA315D2A26900843005C97B0 /* Info.plist */ = {isa = PBXFileReference; lastKnownFileType = text.plist.xml; path = Info.plist; sourceTree = "<group>"; };
		CA34D1CF268D5B8D007E260C /* LockedNoteView.swift */ = {isa = PBXFileReference; lastKnownFileType = sourcecode.swift; path = LockedNoteView.swift; sourceTree = "<group>"; };
		CA51FF332691222F003EF48E /* NotesWidgetExtension.entitlements */ = {isa = PBXFileReference; lastKnownFileType = text.plist.entitlements; path = NotesWidgetExtension.entitlements; sourceTree = "<group>"; };
		CA5E9E69268E12A80000D96F /* ImagePickerView.swift */ = {isa = PBXFileReference; lastKnownFileType = sourcecode.swift; path = ImagePickerView.swift; sourceTree = "<group>"; };
		CA6F5FE1268A31FD00B34727 /* Notes.app */ = {isa = PBXFileReference; explicitFileType = wrapper.application; includeInIndex = 0; path = Notes.app; sourceTree = BUILT_PRODUCTS_DIR; };
		CA6F5FE4268A31FD00B34727 /* NotesApp.swift */ = {isa = PBXFileReference; lastKnownFileType = sourcecode.swift; path = NotesApp.swift; sourceTree = "<group>"; };
		CA6F5FE6268A31FD00B34727 /* ContentView.swift */ = {isa = PBXFileReference; lastKnownFileType = sourcecode.swift; path = ContentView.swift; sourceTree = "<group>"; };
		CA6F5FE8268A320000B34727 /* Assets.xcassets */ = {isa = PBXFileReference; lastKnownFileType = folder.assetcatalog; path = Assets.xcassets; sourceTree = "<group>"; };
		CA6F5FEB268A320000B34727 /* Preview Assets.xcassets */ = {isa = PBXFileReference; lastKnownFileType = folder.assetcatalog; path = "Preview Assets.xcassets"; sourceTree = "<group>"; };
		CA6F5FED268A320000B34727 /* Info.plist */ = {isa = PBXFileReference; lastKnownFileType = text.plist.xml; path = Info.plist; sourceTree = "<group>"; };
		CA6F5FF6268A326F00B34727 /* NoteModel.swift */ = {isa = PBXFileReference; lastKnownFileType = sourcecode.swift; path = NoteModel.swift; sourceTree = "<group>"; };
		CA6F5FF9268A335700B34727 /* NoteDataModel.xcdatamodel */ = {isa = PBXFileReference; lastKnownFileType = wrapper.xcdatamodel; path = NoteDataModel.xcdatamodel; sourceTree = "<group>"; };
		CA6F5FFB268A349A00B34727 /* PersistenceModel.swift */ = {isa = PBXFileReference; lastKnownFileType = sourcecode.swift; path = PersistenceModel.swift; sourceTree = "<group>"; };
		CA6F5FFF268A384500B34727 /* MainTabView.swift */ = {isa = PBXFileReference; lastKnownFileType = sourcecode.swift; path = MainTabView.swift; sourceTree = "<group>"; };
		CA6F6001268A387400B34727 /* HomeView.swift */ = {isa = PBXFileReference; lastKnownFileType = sourcecode.swift; path = HomeView.swift; sourceTree = "<group>"; };
		CA6F6003268A387E00B34727 /* SettingsView.swift */ = {isa = PBXFileReference; lastKnownFileType = sourcecode.swift; path = SettingsView.swift; sourceTree = "<group>"; };
		CA8616DC269122D2002495ED /* Notes.entitlements */ = {isa = PBXFileReference; lastKnownFileType = text.plist.entitlements; path = Notes.entitlements; sourceTree = "<group>"; };
		CA8616DD269122D2002495ED /* NotesWdigetIntentExtension.entitlements */ = {isa = PBXFileReference; lastKnownFileType = text.plist.entitlements; path = NotesWdigetIntentExtension.entitlements; sourceTree = "<group>"; };
		CA8CB98B268FE31900CD8E6A /* NotesWidgetExtension.appex */ = {isa = PBXFileReference; explicitFileType = "wrapper.app-extension"; includeInIndex = 0; path = NotesWidgetExtension.appex; sourceTree = BUILT_PRODUCTS_DIR; };
		CA8CB98D268FE31900CD8E6A /* WidgetKit.framework */ = {isa = PBXFileReference; lastKnownFileType = wrapper.framework; name = WidgetKit.framework; path = System/Library/Frameworks/WidgetKit.framework; sourceTree = SDKROOT; };
		CA8CB98F268FE31900CD8E6A /* SwiftUI.framework */ = {isa = PBXFileReference; lastKnownFileType = wrapper.framework; name = SwiftUI.framework; path = System/Library/Frameworks/SwiftUI.framework; sourceTree = SDKROOT; };
		CA8CB992268FE31900CD8E6A /* NotesWidget.swift */ = {isa = PBXFileReference; lastKnownFileType = sourcecode.swift; path = NotesWidget.swift; sourceTree = "<group>"; };
		CA8CB994268FE31D00CD8E6A /* Assets.xcassets */ = {isa = PBXFileReference; lastKnownFileType = folder.assetcatalog; path = Assets.xcassets; sourceTree = "<group>"; };
		CA8CB996268FE31D00CD8E6A /* Info.plist */ = {isa = PBXFileReference; lastKnownFileType = text.plist.xml; path = Info.plist; sourceTree = "<group>"; };
		CA8CB99E268FE33C00CD8E6A /* NotesWidget.intentdefinition */ = {isa = PBXFileReference; lastKnownFileType = file.intentdefinition; path = NotesWidget.intentdefinition; sourceTree = "<group>"; };
		CA8CB9A4268FE3D800CD8E6A /* NotesWdigetIntentExtension.appex */ = {isa = PBXFileReference; explicitFileType = "wrapper.app-extension"; includeInIndex = 0; path = NotesWdigetIntentExtension.appex; sourceTree = BUILT_PRODUCTS_DIR; };
		CA8CB9A5268FE3D800CD8E6A /* Intents.framework */ = {isa = PBXFileReference; lastKnownFileType = wrapper.framework; name = Intents.framework; path = System/Library/Frameworks/Intents.framework; sourceTree = SDKROOT; };
		CA8CB9A8268FE3D800CD8E6A /* IntentHandler.swift */ = {isa = PBXFileReference; lastKnownFileType = sourcecode.swift; path = IntentHandler.swift; sourceTree = "<group>"; };
		CA8CB9AA268FE3D800CD8E6A /* Info.plist */ = {isa = PBXFileReference; lastKnownFileType = text.plist.xml; path = Info.plist; sourceTree = "<group>"; };
		CA956A58268A996000AE5D1D /* SettingsViewModel.swift */ = {isa = PBXFileReference; lastKnownFileType = sourcecode.swift; name = SettingsViewModel.swift; path = Notes/ViewModel/SettingsViewModel.swift; sourceTree = SOURCE_ROOT; };
		CAA8FDA1268E4D330006FFF5 /* Note+CoreDataClass.swift */ = {isa = PBXFileReference; lastKnownFileType = sourcecode.swift; path = "Note+CoreDataClass.swift"; sourceTree = SOURCE_ROOT; };
		CAA8FDA2268E4D330006FFF5 /* Note+CoreDataProperties.swift */ = {isa = PBXFileReference; lastKnownFileType = sourcecode.swift; path = "Note+CoreDataProperties.swift"; sourceTree = SOURCE_ROOT; };
		CAA8FDA3268E4D330006FFF5 /* NoteImage+CoreDataClass.swift */ = {isa = PBXFileReference; lastKnownFileType = sourcecode.swift; path = "NoteImage+CoreDataClass.swift"; sourceTree = SOURCE_ROOT; };
		CAA8FDA4268E4D330006FFF5 /* NoteImage+CoreDataProperties.swift */ = {isa = PBXFileReference; lastKnownFileType = sourcecode.swift; path = "NoteImage+CoreDataProperties.swift"; sourceTree = SOURCE_ROOT; };
		CAA8FDAB268E55460006FFF5 /* NoteDataModel 2.xcdatamodel */ = {isa = PBXFileReference; lastKnownFileType = wrapper.xcdatamodel; path = "NoteDataModel 2.xcdatamodel"; sourceTree = "<group>"; };
		CAAFE649268A4B1E00A38490 /* NoteView.swift */ = {isa = PBXFileReference; lastKnownFileType = sourcecode.swift; path = NoteView.swift; sourceTree = "<group>"; };
		CAEBFEE2268BBBCB0048F4DE /* CustomListView.swift */ = {isa = PBXFileReference; lastKnownFileType = sourcecode.swift; path = CustomListView.swift; sourceTree = "<group>"; };
		CAEBFEE4268BCAC30048F4DE /* NavigationButtonsView.swift */ = {isa = PBXFileReference; lastKnownFileType = sourcecode.swift; path = NavigationButtonsView.swift; sourceTree = "<group>"; };
/* End PBXFileReference section */

/* Begin PBXFrameworksBuildPhase section */
		CA315D1726900841005C97B0 /* Frameworks */ = {
			isa = PBXFrameworksBuildPhase;
			buildActionMask = 2147483647;
			files = (
			);
			runOnlyForDeploymentPostprocessing = 0;
		};
		CA6F5FDE268A31FD00B34727 /* Frameworks */ = {
			isa = PBXFrameworksBuildPhase;
			buildActionMask = 2147483647;
			files = (
				CA34D1D3268D64E6007E260C /* SwifterSwift in Frameworks */,
			);
			runOnlyForDeploymentPostprocessing = 0;
		};
		CA8CB988268FE31900CD8E6A /* Frameworks */ = {
			isa = PBXFrameworksBuildPhase;
			buildActionMask = 2147483647;
			files = (
				CA8CB990268FE31900CD8E6A /* SwiftUI.framework in Frameworks */,
				CA8CB98E268FE31900CD8E6A /* WidgetKit.framework in Frameworks */,
			);
			runOnlyForDeploymentPostprocessing = 0;
		};
		CA8CB9A1268FE3D800CD8E6A /* Frameworks */ = {
			isa = PBXFrameworksBuildPhase;
			buildActionMask = 2147483647;
			files = (
				CA8CB9A6268FE3D800CD8E6A /* Intents.framework in Frameworks */,
			);
			runOnlyForDeploymentPostprocessing = 0;
		};
/* End PBXFrameworksBuildPhase section */

/* Begin PBXGroup section */
		CA27A8FF268D7203009C2CF7 /* Icons */ = {
			isa = PBXGroup;
			children = (
				CA27A900268D7212009C2CF7 /* dark_icon.png */,
			);
			path = Icons;
			sourceTree = "<group>";
		};
		CA314FE5268ABA17005C5EEB /* ViewModel */ = {
			isa = PBXGroup;
			children = (
				CA956A58268A996000AE5D1D /* SettingsViewModel.swift */,
				CA268BF0268B0D7500B449E5 /* TabViewModel.swift */,
				CA268BF2268B100D00B449E5 /* HomeViewModel.swift */,
				CA268BF4268B7D4900B449E5 /* NoteViewModel.swift */,
			);
			path = ViewModel;
			sourceTree = "<group>";
		};
		CA315D122690083C005C97B0 /* NotesWatch */ = {
			isa = PBXGroup;
			children = (
				CA315D1326900840005C97B0 /* Assets.xcassets */,
				CA315D1526900840005C97B0 /* Info.plist */,
			);
			path = NotesWatch;
			sourceTree = "<group>";
		};
		CA315D1E26900841005C97B0 /* NotesWatch Extension */ = {
			isa = PBXGroup;
			children = (
				CA315D1F26900841005C97B0 /* ContentView.swift */,
				CA315D2126900841005C97B0 /* NotesApp.swift */,
				CA315D2326900841005C97B0 /* ComplicationController.swift */,
				CA315D2526900843005C97B0 /* Assets.xcassets */,
				CA315D2A26900843005C97B0 /* Info.plist */,
				CA315D2726900843005C97B0 /* Preview Content */,
			);
			path = "NotesWatch Extension";
			sourceTree = "<group>";
		};
		CA315D2726900843005C97B0 /* Preview Content */ = {
			isa = PBXGroup;
			children = (
				CA315D2826900843005C97B0 /* Preview Assets.xcassets */,
			);
			path = "Preview Content";
			sourceTree = "<group>";
		};
		CA6F5FD8268A31FD00B34727 = {
			isa = PBXGroup;
			children = (
				CA51FF332691222F003EF48E /* NotesWidgetExtension.entitlements */,
				CA6F5FE3268A31FD00B34727 /* Notes */,
				CA8CB991268FE31900CD8E6A /* NotesWidget */,
				CA8CB9A7268FE3D800CD8E6A /* NotesWdigetIntentExtension */,
				CA315D122690083C005C97B0 /* NotesWatch */,
				CA315D1E26900841005C97B0 /* NotesWatch Extension */,
				CA8CB98C268FE31900CD8E6A /* Frameworks */,
				CA6F5FE2268A31FD00B34727 /* Products */,
			);
			sourceTree = "<group>";
		};
		CA6F5FE2268A31FD00B34727 /* Products */ = {
			isa = PBXGroup;
			children = (
				CA6F5FE1268A31FD00B34727 /* Notes.app */,
				CA8CB98B268FE31900CD8E6A /* NotesWidgetExtension.appex */,
				CA8CB9A4268FE3D800CD8E6A /* NotesWdigetIntentExtension.appex */,
				CA315D112690083C005C97B0 /* NotesWatch.app */,
				CA315D1A26900841005C97B0 /* NotesWatch Extension.appex */,
			);
			name = Products;
			sourceTree = "<group>";
		};
		CA6F5FE3268A31FD00B34727 /* Notes */ = {
			isa = PBXGroup;
			children = (
				CA8616DC269122D2002495ED /* Notes.entitlements */,
				CA27A8FF268D7203009C2CF7 /* Icons */,
				CA314FE5268ABA17005C5EEB /* ViewModel */,
				CA6F5FF4268A324A00B34727 /* Model */,
				CA6F5FF3268A324200B34727 /* View */,
				CA6F5FE4268A31FD00B34727 /* NotesApp.swift */,
				CA6F5FE8268A320000B34727 /* Assets.xcassets */,
				CA6F5FED268A320000B34727 /* Info.plist */,
				CA6F5FEA268A320000B34727 /* Preview Content */,
			);
			path = Notes;
			sourceTree = "<group>";
		};
		CA6F5FEA268A320000B34727 /* Preview Content */ = {
			isa = PBXGroup;
			children = (
				CA6F5FEB268A320000B34727 /* Preview Assets.xcassets */,
			);
			path = "Preview Content";
			sourceTree = "<group>";
		};
		CA6F5FF3268A324200B34727 /* View */ = {
			isa = PBXGroup;
			children = (
				CA6F5FE6268A31FD00B34727 /* ContentView.swift */,
				CA6F5FFF268A384500B34727 /* MainTabView.swift */,
				CA6F6001268A387400B34727 /* HomeView.swift */,
				CA6F6003268A387E00B34727 /* SettingsView.swift */,
				CAAFE649268A4B1E00A38490 /* NoteView.swift */,
				CAEBFEE2268BBBCB0048F4DE /* CustomListView.swift */,
				CAEBFEE4268BCAC30048F4DE /* NavigationButtonsView.swift */,
				CA34D1CF268D5B8D007E260C /* LockedNoteView.swift */,
				CA5E9E69268E12A80000D96F /* ImagePickerView.swift */,
			);
			path = View;
			sourceTree = "<group>";
		};
		CA6F5FF4268A324A00B34727 /* Model */ = {
			isa = PBXGroup;
			children = (
				CAA8FDA0268E4D030006FFF5 /* CoreData Subclasses */,
				CA6F5FF6268A326F00B34727 /* NoteModel.swift */,
				CA6F5FF8268A335700B34727 /* NoteDataModel.xcdatamodeld */,
				CA6F5FFB268A349A00B34727 /* PersistenceModel.swift */,
				CA268BF6268B7F0800B449E5 /* Constants.swift */,
			);
			path = Model;
			sourceTree = "<group>";
		};
		CA8CB98C268FE31900CD8E6A /* Frameworks */ = {
			isa = PBXGroup;
			children = (
				CA8CB98D268FE31900CD8E6A /* WidgetKit.framework */,
				CA8CB98F268FE31900CD8E6A /* SwiftUI.framework */,
				CA8CB9A5268FE3D800CD8E6A /* Intents.framework */,
			);
			name = Frameworks;
			sourceTree = "<group>";
		};
		CA8CB991268FE31900CD8E6A /* NotesWidget */ = {
			isa = PBXGroup;
			children = (
				CA8CB992268FE31900CD8E6A /* NotesWidget.swift */,
				CA8CB994268FE31D00CD8E6A /* Assets.xcassets */,
				CA8CB996268FE31D00CD8E6A /* Info.plist */,
				CA8CB99E268FE33C00CD8E6A /* NotesWidget.intentdefinition */,
			);
			path = NotesWidget;
			sourceTree = "<group>";
		};
		CA8CB9A7268FE3D800CD8E6A /* NotesWdigetIntentExtension */ = {
			isa = PBXGroup;
			children = (
				CA8616DD269122D2002495ED /* NotesWdigetIntentExtension.entitlements */,
				CA8CB9A8268FE3D800CD8E6A /* IntentHandler.swift */,
				CA8CB9AA268FE3D800CD8E6A /* Info.plist */,
			);
			path = NotesWdigetIntentExtension;
			sourceTree = "<group>";
		};
		CAA8FDA0268E4D030006FFF5 /* CoreData Subclasses */ = {
			isa = PBXGroup;
			children = (
				CAA8FDA1268E4D330006FFF5 /* Note+CoreDataClass.swift */,
				CAA8FDA2268E4D330006FFF5 /* Note+CoreDataProperties.swift */,
				CAA8FDA3268E4D330006FFF5 /* NoteImage+CoreDataClass.swift */,
				CAA8FDA4268E4D330006FFF5 /* NoteImage+CoreDataProperties.swift */,
			);
			path = "CoreData Subclasses";
			sourceTree = "<group>";
		};
/* End PBXGroup section */

/* Begin PBXNativeTarget section */
		CA315D102690083C005C97B0 /* NotesWatch */ = {
			isa = PBXNativeTarget;
			buildConfigurationList = CA315D3226900843005C97B0 /* Build configuration list for PBXNativeTarget "NotesWatch" */;
			buildPhases = (
				CA315D0F2690083C005C97B0 /* Resources */,
				CA315D3126900843005C97B0 /* Embed App Extensions */,
			);
			buildRules = (
			);
			dependencies = (
				CA315D1D26900841005C97B0 /* PBXTargetDependency */,
			);
			name = NotesWatch;
			productName = NotesWatch;
			productReference = CA315D112690083C005C97B0 /* NotesWatch.app */;
			productType = "com.apple.product-type.application.watchapp2";
		};
		CA315D1926900841005C97B0 /* NotesWatch Extension */ = {
			isa = PBXNativeTarget;
			buildConfigurationList = CA315D2E26900843005C97B0 /* Build configuration list for PBXNativeTarget "NotesWatch Extension" */;
			buildPhases = (
				CA315D1626900841005C97B0 /* Sources */,
				CA315D1726900841005C97B0 /* Frameworks */,
				CA315D1826900841005C97B0 /* Resources */,
			);
			buildRules = (
			);
			dependencies = (
			);
			name = "NotesWatch Extension";
			productName = "NotesWatch Extension";
			productReference = CA315D1A26900841005C97B0 /* NotesWatch Extension.appex */;
			productType = "com.apple.product-type.watchkit2-extension";
		};
		CA6F5FE0268A31FD00B34727 /* Notes */ = {
			isa = PBXNativeTarget;
			buildConfigurationList = CA6F5FF0268A320000B34727 /* Build configuration list for PBXNativeTarget "Notes" */;
			buildPhases = (
				CA6F5FDD268A31FD00B34727 /* Sources */,
				CA6F5FDE268A31FD00B34727 /* Frameworks */,
				CA6F5FDF268A31FD00B34727 /* Resources */,
				CA8CB99A268FE31D00CD8E6A /* Embed App Extensions */,
				CA315D3526900843005C97B0 /* Embed Watch Content */,
			);
			buildRules = (
			);
			dependencies = (
				CA8CB998268FE31D00CD8E6A /* PBXTargetDependency */,
				CA8CB9AC268FE3D800CD8E6A /* PBXTargetDependency */,
				CA315D2C26900843005C97B0 /* PBXTargetDependency */,
			);
			name = Notes;
			packageProductDependencies = (
				CA34D1D2268D64E6007E260C /* SwifterSwift */,
			);
			productName = Notes;
			productReference = CA6F5FE1268A31FD00B34727 /* Notes.app */;
			productType = "com.apple.product-type.application";
		};
		CA8CB98A268FE31900CD8E6A /* NotesWidgetExtension */ = {
			isa = PBXNativeTarget;
			buildConfigurationList = CA8CB99D268FE31D00CD8E6A /* Build configuration list for PBXNativeTarget "NotesWidgetExtension" */;
			buildPhases = (
				CA8CB987268FE31900CD8E6A /* Sources */,
				CA8CB988268FE31900CD8E6A /* Frameworks */,
				CA8CB989268FE31900CD8E6A /* Resources */,
			);
			buildRules = (
			);
			dependencies = (
			);
			name = NotesWidgetExtension;
			productName = NotesWidgetExtension;
			productReference = CA8CB98B268FE31900CD8E6A /* NotesWidgetExtension.appex */;
			productType = "com.apple.product-type.app-extension";
		};
		CA8CB9A3268FE3D800CD8E6A /* NotesWdigetIntentExtension */ = {
			isa = PBXNativeTarget;
			buildConfigurationList = CA8CB9AE268FE3D800CD8E6A /* Build configuration list for PBXNativeTarget "NotesWdigetIntentExtension" */;
			buildPhases = (
				CA8CB9A0268FE3D800CD8E6A /* Sources */,
				CA8CB9A1268FE3D800CD8E6A /* Frameworks */,
				CA8CB9A2268FE3D800CD8E6A /* Resources */,
			);
			buildRules = (
			);
			dependencies = (
			);
			name = NotesWdigetIntentExtension;
			productName = NotesWdigetIntentExtension;
			productReference = CA8CB9A4268FE3D800CD8E6A /* NotesWdigetIntentExtension.appex */;
			productType = "com.apple.product-type.app-extension";
		};
/* End PBXNativeTarget section */

/* Begin PBXProject section */
		CA6F5FD9268A31FD00B34727 /* Project object */ = {
			isa = PBXProject;
			attributes = {
				LastSwiftUpdateCheck = 1250;
				LastUpgradeCheck = 1250;
				TargetAttributes = {
					CA315D102690083C005C97B0 = {
						CreatedOnToolsVersion = 12.5;
					};
					CA315D1926900841005C97B0 = {
						CreatedOnToolsVersion = 12.5;
					};
					CA6F5FE0268A31FD00B34727 = {
						CreatedOnToolsVersion = 12.5;
					};
					CA8CB98A268FE31900CD8E6A = {
						CreatedOnToolsVersion = 12.5;
					};
					CA8CB9A3268FE3D800CD8E6A = {
						CreatedOnToolsVersion = 12.5;
					};
				};
			};
			buildConfigurationList = CA6F5FDC268A31FD00B34727 /* Build configuration list for PBXProject "Notes" */;
			compatibilityVersion = "Xcode 9.3";
			developmentRegion = en;
			hasScannedForEncodings = 0;
			knownRegions = (
				en,
				Base,
			);
			mainGroup = CA6F5FD8268A31FD00B34727;
			packageReferences = (
				CA34D1D1268D64E6007E260C /* XCRemoteSwiftPackageReference "SwifterSwift" */,
			);
			productRefGroup = CA6F5FE2268A31FD00B34727 /* Products */;
			projectDirPath = "";
			projectRoot = "";
			targets = (
				CA6F5FE0268A31FD00B34727 /* Notes */,
				CA8CB98A268FE31900CD8E6A /* NotesWidgetExtension */,
				CA8CB9A3268FE3D800CD8E6A /* NotesWdigetIntentExtension */,
				CA315D102690083C005C97B0 /* NotesWatch */,
				CA315D1926900841005C97B0 /* NotesWatch Extension */,
			);
		};
/* End PBXProject section */

/* Begin PBXResourcesBuildPhase section */
		CA315D0F2690083C005C97B0 /* Resources */ = {
			isa = PBXResourcesBuildPhase;
			buildActionMask = 2147483647;
			files = (
				CA315D1426900840005C97B0 /* Assets.xcassets in Resources */,
			);
			runOnlyForDeploymentPostprocessing = 0;
		};
		CA315D1826900841005C97B0 /* Resources */ = {
			isa = PBXResourcesBuildPhase;
			buildActionMask = 2147483647;
			files = (
				CA315D2926900843005C97B0 /* Preview Assets.xcassets in Resources */,
				CA315D2626900843005C97B0 /* Assets.xcassets in Resources */,
			);
			runOnlyForDeploymentPostprocessing = 0;
		};
		CA6F5FDF268A31FD00B34727 /* Resources */ = {
			isa = PBXResourcesBuildPhase;
			buildActionMask = 2147483647;
			files = (
				CA27A901268D7212009C2CF7 /* dark_icon.png in Resources */,
				CA6F5FEC268A320000B34727 /* Preview Assets.xcassets in Resources */,
				CA6F5FE9268A320000B34727 /* Assets.xcassets in Resources */,
			);
			runOnlyForDeploymentPostprocessing = 0;
		};
		CA8CB989268FE31900CD8E6A /* Resources */ = {
			isa = PBXResourcesBuildPhase;
			buildActionMask = 2147483647;
			files = (
				CA8CB995268FE31D00CD8E6A /* Assets.xcassets in Resources */,
			);
			runOnlyForDeploymentPostprocessing = 0;
		};
		CA8CB9A2268FE3D800CD8E6A /* Resources */ = {
			isa = PBXResourcesBuildPhase;
			buildActionMask = 2147483647;
			files = (
			);
			runOnlyForDeploymentPostprocessing = 0;
		};
/* End PBXResourcesBuildPhase section */

/* Begin PBXSourcesBuildPhase section */
		CA315D1626900841005C97B0 /* Sources */ = {
			isa = PBXSourcesBuildPhase;
			buildActionMask = 2147483647;
			files = (
				CA315D2026900841005C97B0 /* ContentView.swift in Sources */,
				CA315D2226900841005C97B0 /* NotesApp.swift in Sources */,
				CA315D2426900841005C97B0 /* ComplicationController.swift in Sources */,
			);
			runOnlyForDeploymentPostprocessing = 0;
		};
		CA6F5FDD268A31FD00B34727 /* Sources */ = {
			isa = PBXSourcesBuildPhase;
			buildActionMask = 2147483647;
			files = (
				CAEBFEE5268BCAC30048F4DE /* NavigationButtonsView.swift in Sources */,
				CA5E9E6A268E12A80000D96F /* ImagePickerView.swift in Sources */,
				CA6F5FE7268A31FD00B34727 /* ContentView.swift in Sources */,
				CA34D1D0268D5B8D007E260C /* LockedNoteView.swift in Sources */,
				CA6F6004268A387E00B34727 /* SettingsView.swift in Sources */,
				CA268BF5268B7D4900B449E5 /* NoteViewModel.swift in Sources */,
				CA6F6002268A387400B34727 /* HomeView.swift in Sources */,
				CAEBFEE3268BBBCB0048F4DE /* CustomListView.swift in Sources */,
				CAA8FDA7268E4D330006FFF5 /* NoteImage+CoreDataClass.swift in Sources */,
				CA6F5FFC268A349A00B34727 /* PersistenceModel.swift in Sources */,
				CAA8FDA6268E4D330006FFF5 /* Note+CoreDataProperties.swift in Sources */,
				CA6F5FF7268A326F00B34727 /* NoteModel.swift in Sources */,
				CA956A59268A996000AE5D1D /* SettingsViewModel.swift in Sources */,
				CA6F5FE5268A31FD00B34727 /* NotesApp.swift in Sources */,
				CA268BF3268B100D00B449E5 /* HomeViewModel.swift in Sources */,
				CAA8FDA8268E4D330006FFF5 /* NoteImage+CoreDataProperties.swift in Sources */,
				CA8CB99F268FE33C00CD8E6A /* NotesWidget.intentdefinition in Sources */,
				CA268BF1268B0D7500B449E5 /* TabViewModel.swift in Sources */,
				CA268BF7268B7F0800B449E5 /* Constants.swift in Sources */,
				CA6F6000268A384500B34727 /* MainTabView.swift in Sources */,
				CAAFE64A268A4B1E00A38490 /* NoteView.swift in Sources */,
				CAA8FDA5268E4D330006FFF5 /* Note+CoreDataClass.swift in Sources */,
				CAEDCFF0268E629500F116E7 /* NoteDataModel.xcdatamodeld in Sources */,
			);
			runOnlyForDeploymentPostprocessing = 0;
		};
		CA8CB987268FE31900CD8E6A /* Sources */ = {
			isa = PBXSourcesBuildPhase;
			buildActionMask = 2147483647;
			files = (
				CA315D0B268FE4E0005C97B0 /* NotesWidget.intentdefinition in Sources */,
				CA8CB993268FE31900CD8E6A /* NotesWidget.swift in Sources */,
			);
			runOnlyForDeploymentPostprocessing = 0;
		};
		CA8CB9A0268FE3D800CD8E6A /* Sources */ = {
			isa = PBXSourcesBuildPhase;
			buildActionMask = 2147483647;
			files = (
				CA315D0C268FE4E1005C97B0 /* NotesWidget.intentdefinition in Sources */,
				CA8CB9A9268FE3D800CD8E6A /* IntentHandler.swift in Sources */,
			);
			runOnlyForDeploymentPostprocessing = 0;
		};
/* End PBXSourcesBuildPhase section */

/* Begin PBXTargetDependency section */
		CA315D1D26900841005C97B0 /* PBXTargetDependency */ = {
			isa = PBXTargetDependency;
			target = CA315D1926900841005C97B0 /* NotesWatch Extension */;
			targetProxy = CA315D1C26900841005C97B0 /* PBXContainerItemProxy */;
		};
		CA315D2C26900843005C97B0 /* PBXTargetDependency */ = {
			isa = PBXTargetDependency;
			platformFilter = ios;
			target = CA315D102690083C005C97B0 /* NotesWatch */;
			targetProxy = CA315D2B26900843005C97B0 /* PBXContainerItemProxy */;
		};
		CA8CB998268FE31D00CD8E6A /* PBXTargetDependency */ = {
			isa = PBXTargetDependency;
			target = CA8CB98A268FE31900CD8E6A /* NotesWidgetExtension */;
			targetProxy = CA8CB997268FE31D00CD8E6A /* PBXContainerItemProxy */;
		};
		CA8CB9AC268FE3D800CD8E6A /* PBXTargetDependency */ = {
			isa = PBXTargetDependency;
			target = CA8CB9A3268FE3D800CD8E6A /* NotesWdigetIntentExtension */;
			targetProxy = CA8CB9AB268FE3D800CD8E6A /* PBXContainerItemProxy */;
		};
/* End PBXTargetDependency section */

/* Begin XCBuildConfiguration section */
		CA315D2F26900843005C97B0 /* Debug */ = {
			isa = XCBuildConfiguration;
			buildSettings = {
				ASSETCATALOG_COMPILER_COMPLICATION_NAME = Complication;
				CODE_SIGN_STYLE = Automatic;
				DEVELOPMENT_ASSET_PATHS = "\"NotesWatch Extension/Preview Content\"";
				DEVELOPMENT_TEAM = HB3E67YK35;
				ENABLE_PREVIEWS = YES;
				INFOPLIST_FILE = "NotesWatch Extension/Info.plist";
				LD_RUNPATH_SEARCH_PATHS = (
					"$(inherited)",
					"@executable_path/Frameworks",
					"@executable_path/../../Frameworks",
				);
				MARKETING_VERSION = 1.1;
				PRODUCT_BUNDLE_IDENTIFIER = com.jemalvarez.Notes.watchkitapp.watchkitextension;
				PRODUCT_NAME = "${TARGET_NAME}";
				SDKROOT = watchos;
				SKIP_INSTALL = YES;
				SWIFT_VERSION = 5.0;
				TARGETED_DEVICE_FAMILY = 4;
				WATCHOS_DEPLOYMENT_TARGET = 7.4;
			};
			name = Debug;
		};
		CA315D3026900843005C97B0 /* Release */ = {
			isa = XCBuildConfiguration;
			buildSettings = {
				ASSETCATALOG_COMPILER_COMPLICATION_NAME = Complication;
				CODE_SIGN_STYLE = Automatic;
				DEVELOPMENT_ASSET_PATHS = "\"NotesWatch Extension/Preview Content\"";
				DEVELOPMENT_TEAM = HB3E67YK35;
				ENABLE_PREVIEWS = YES;
				INFOPLIST_FILE = "NotesWatch Extension/Info.plist";
				LD_RUNPATH_SEARCH_PATHS = (
					"$(inherited)",
					"@executable_path/Frameworks",
					"@executable_path/../../Frameworks",
				);
				MARKETING_VERSION = 1.1;
				PRODUCT_BUNDLE_IDENTIFIER = com.jemalvarez.Notes.watchkitapp.watchkitextension;
				PRODUCT_NAME = "${TARGET_NAME}";
				SDKROOT = watchos;
				SKIP_INSTALL = YES;
				SWIFT_VERSION = 5.0;
				TARGETED_DEVICE_FAMILY = 4;
				WATCHOS_DEPLOYMENT_TARGET = 7.4;
			};
			name = Release;
		};
		CA315D3326900843005C97B0 /* Debug */ = {
			isa = XCBuildConfiguration;
			buildSettings = {
				ALWAYS_EMBED_SWIFT_STANDARD_LIBRARIES = YES;
				ASSETCATALOG_COMPILER_APPICON_NAME = AppIcon;
				ASSETCATALOG_COMPILER_GLOBAL_ACCENT_COLOR_NAME = AccentColor;
				CODE_SIGN_STYLE = Automatic;
				DEVELOPMENT_TEAM = HB3E67YK35;
				IBSC_MODULE = NotesWatch_Extension;
				INFOPLIST_FILE = NotesWatch/Info.plist;
				MARKETING_VERSION = 1.1;
				PRODUCT_BUNDLE_IDENTIFIER = com.jemalvarez.Notes.watchkitapp;
				PRODUCT_NAME = "$(TARGET_NAME)";
				SDKROOT = watchos;
				SKIP_INSTALL = YES;
				SWIFT_VERSION = 5.0;
				TARGETED_DEVICE_FAMILY = 4;
				WATCHOS_DEPLOYMENT_TARGET = 7.4;
			};
			name = Debug;
		};
		CA315D3426900843005C97B0 /* Release */ = {
			isa = XCBuildConfiguration;
			buildSettings = {
				ALWAYS_EMBED_SWIFT_STANDARD_LIBRARIES = YES;
				ASSETCATALOG_COMPILER_APPICON_NAME = AppIcon;
				ASSETCATALOG_COMPILER_GLOBAL_ACCENT_COLOR_NAME = AccentColor;
				CODE_SIGN_STYLE = Automatic;
				DEVELOPMENT_TEAM = HB3E67YK35;
				IBSC_MODULE = NotesWatch_Extension;
				INFOPLIST_FILE = NotesWatch/Info.plist;
				MARKETING_VERSION = 1.1;
				PRODUCT_BUNDLE_IDENTIFIER = com.jemalvarez.Notes.watchkitapp;
				PRODUCT_NAME = "$(TARGET_NAME)";
				SDKROOT = watchos;
				SKIP_INSTALL = YES;
				SWIFT_VERSION = 5.0;
				TARGETED_DEVICE_FAMILY = 4;
				WATCHOS_DEPLOYMENT_TARGET = 7.4;
			};
			name = Release;
		};
		CA6F5FEE268A320000B34727 /* Debug */ = {
			isa = XCBuildConfiguration;
			buildSettings = {
				ALWAYS_SEARCH_USER_PATHS = NO;
				CLANG_ANALYZER_NONNULL = YES;
				CLANG_ANALYZER_NUMBER_OBJECT_CONVERSION = YES_AGGRESSIVE;
				CLANG_CXX_LANGUAGE_STANDARD = "gnu++14";
				CLANG_CXX_LIBRARY = "libc++";
				CLANG_ENABLE_MODULES = YES;
				CLANG_ENABLE_OBJC_ARC = YES;
				CLANG_ENABLE_OBJC_WEAK = YES;
				CLANG_WARN_BLOCK_CAPTURE_AUTORELEASING = YES;
				CLANG_WARN_BOOL_CONVERSION = YES;
				CLANG_WARN_COMMA = YES;
				CLANG_WARN_CONSTANT_CONVERSION = YES;
				CLANG_WARN_DEPRECATED_OBJC_IMPLEMENTATIONS = YES;
				CLANG_WARN_DIRECT_OBJC_ISA_USAGE = YES_ERROR;
				CLANG_WARN_DOCUMENTATION_COMMENTS = YES;
				CLANG_WARN_EMPTY_BODY = YES;
				CLANG_WARN_ENUM_CONVERSION = YES;
				CLANG_WARN_INFINITE_RECURSION = YES;
				CLANG_WARN_INT_CONVERSION = YES;
				CLANG_WARN_NON_LITERAL_NULL_CONVERSION = YES;
				CLANG_WARN_OBJC_IMPLICIT_RETAIN_SELF = YES;
				CLANG_WARN_OBJC_LITERAL_CONVERSION = YES;
				CLANG_WARN_OBJC_ROOT_CLASS = YES_ERROR;
				CLANG_WARN_QUOTED_INCLUDE_IN_FRAMEWORK_HEADER = YES;
				CLANG_WARN_RANGE_LOOP_ANALYSIS = YES;
				CLANG_WARN_STRICT_PROTOTYPES = YES;
				CLANG_WARN_SUSPICIOUS_MOVE = YES;
				CLANG_WARN_UNGUARDED_AVAILABILITY = YES_AGGRESSIVE;
				CLANG_WARN_UNREACHABLE_CODE = YES;
				CLANG_WARN__DUPLICATE_METHOD_MATCH = YES;
				COPY_PHASE_STRIP = NO;
				DEBUG_INFORMATION_FORMAT = dwarf;
				ENABLE_STRICT_OBJC_MSGSEND = YES;
				ENABLE_TESTABILITY = YES;
				GCC_C_LANGUAGE_STANDARD = gnu11;
				GCC_DYNAMIC_NO_PIC = NO;
				GCC_NO_COMMON_BLOCKS = YES;
				GCC_OPTIMIZATION_LEVEL = 0;
				GCC_PREPROCESSOR_DEFINITIONS = (
					"DEBUG=1",
					"$(inherited)",
				);
				GCC_WARN_64_TO_32_BIT_CONVERSION = YES;
				GCC_WARN_ABOUT_RETURN_TYPE = YES_ERROR;
				GCC_WARN_UNDECLARED_SELECTOR = YES;
				GCC_WARN_UNINITIALIZED_AUTOS = YES_AGGRESSIVE;
				GCC_WARN_UNUSED_FUNCTION = YES;
				GCC_WARN_UNUSED_VARIABLE = YES;
				IPHONEOS_DEPLOYMENT_TARGET = 14.5;
				MTL_ENABLE_DEBUG_INFO = INCLUDE_SOURCE;
				MTL_FAST_MATH = YES;
				ONLY_ACTIVE_ARCH = YES;
				SDKROOT = iphoneos;
				SWIFT_ACTIVE_COMPILATION_CONDITIONS = DEBUG;
				SWIFT_OPTIMIZATION_LEVEL = "-Onone";
			};
			name = Debug;
		};
		CA6F5FEF268A320000B34727 /* Release */ = {
			isa = XCBuildConfiguration;
			buildSettings = {
				ALWAYS_SEARCH_USER_PATHS = NO;
				CLANG_ANALYZER_NONNULL = YES;
				CLANG_ANALYZER_NUMBER_OBJECT_CONVERSION = YES_AGGRESSIVE;
				CLANG_CXX_LANGUAGE_STANDARD = "gnu++14";
				CLANG_CXX_LIBRARY = "libc++";
				CLANG_ENABLE_MODULES = YES;
				CLANG_ENABLE_OBJC_ARC = YES;
				CLANG_ENABLE_OBJC_WEAK = YES;
				CLANG_WARN_BLOCK_CAPTURE_AUTORELEASING = YES;
				CLANG_WARN_BOOL_CONVERSION = YES;
				CLANG_WARN_COMMA = YES;
				CLANG_WARN_CONSTANT_CONVERSION = YES;
				CLANG_WARN_DEPRECATED_OBJC_IMPLEMENTATIONS = YES;
				CLANG_WARN_DIRECT_OBJC_ISA_USAGE = YES_ERROR;
				CLANG_WARN_DOCUMENTATION_COMMENTS = YES;
				CLANG_WARN_EMPTY_BODY = YES;
				CLANG_WARN_ENUM_CONVERSION = YES;
				CLANG_WARN_INFINITE_RECURSION = YES;
				CLANG_WARN_INT_CONVERSION = YES;
				CLANG_WARN_NON_LITERAL_NULL_CONVERSION = YES;
				CLANG_WARN_OBJC_IMPLICIT_RETAIN_SELF = YES;
				CLANG_WARN_OBJC_LITERAL_CONVERSION = YES;
				CLANG_WARN_OBJC_ROOT_CLASS = YES_ERROR;
				CLANG_WARN_QUOTED_INCLUDE_IN_FRAMEWORK_HEADER = YES;
				CLANG_WARN_RANGE_LOOP_ANALYSIS = YES;
				CLANG_WARN_STRICT_PROTOTYPES = YES;
				CLANG_WARN_SUSPICIOUS_MOVE = YES;
				CLANG_WARN_UNGUARDED_AVAILABILITY = YES_AGGRESSIVE;
				CLANG_WARN_UNREACHABLE_CODE = YES;
				CLANG_WARN__DUPLICATE_METHOD_MATCH = YES;
				COPY_PHASE_STRIP = NO;
				DEBUG_INFORMATION_FORMAT = "dwarf-with-dsym";
				ENABLE_NS_ASSERTIONS = NO;
				ENABLE_STRICT_OBJC_MSGSEND = YES;
				GCC_C_LANGUAGE_STANDARD = gnu11;
				GCC_NO_COMMON_BLOCKS = YES;
				GCC_WARN_64_TO_32_BIT_CONVERSION = YES;
				GCC_WARN_ABOUT_RETURN_TYPE = YES_ERROR;
				GCC_WARN_UNDECLARED_SELECTOR = YES;
				GCC_WARN_UNINITIALIZED_AUTOS = YES_AGGRESSIVE;
				GCC_WARN_UNUSED_FUNCTION = YES;
				GCC_WARN_UNUSED_VARIABLE = YES;
				IPHONEOS_DEPLOYMENT_TARGET = 14.5;
				MTL_ENABLE_DEBUG_INFO = NO;
				MTL_FAST_MATH = YES;
				SDKROOT = iphoneos;
				SWIFT_COMPILATION_MODE = wholemodule;
				SWIFT_OPTIMIZATION_LEVEL = "-O";
				VALIDATE_PRODUCT = YES;
			};
			name = Release;
		};
		CA6F5FF1268A320000B34727 /* Debug */ = {
			isa = XCBuildConfiguration;
			buildSettings = {
				ALWAYS_EMBED_SWIFT_STANDARD_LIBRARIES = YES;
				ASSETCATALOG_COMPILER_APPICON_NAME = AppIcon;
				ASSETCATALOG_COMPILER_GLOBAL_ACCENT_COLOR_NAME = AccentColor;
				CODE_SIGN_ENTITLEMENTS = Notes/Notes.entitlements;
				CODE_SIGN_STYLE = Automatic;
				DEVELOPMENT_ASSET_PATHS = "\"Notes/Preview Content\"";
				DEVELOPMENT_TEAM = HB3E67YK35;
				ENABLE_PREVIEWS = YES;
				INFOPLIST_FILE = Notes/Info.plist;
				INTENTS_CODEGEN_LANGUAGE = Swift;
				IPHONEOS_DEPLOYMENT_TARGET = 14.1;
				LD_RUNPATH_SEARCH_PATHS = (
					"$(inherited)",
					"@executable_path/Frameworks",
				);
				MARKETING_VERSION = 1.1;
				PRODUCT_BUNDLE_IDENTIFIER = com.jemalvarez.Notes;
				PRODUCT_NAME = "$(TARGET_NAME)";
				SUPPORTS_MACCATALYST = YES;
				SWIFT_VERSION = 5.0;
				TARGETED_DEVICE_FAMILY = "1,2";
			};
			name = Debug;
		};
		CA6F5FF2268A320000B34727 /* Release */ = {
			isa = XCBuildConfiguration;
			buildSettings = {
				ALWAYS_EMBED_SWIFT_STANDARD_LIBRARIES = YES;
				ASSETCATALOG_COMPILER_APPICON_NAME = AppIcon;
				ASSETCATALOG_COMPILER_GLOBAL_ACCENT_COLOR_NAME = AccentColor;
				CODE_SIGN_ENTITLEMENTS = Notes/Notes.entitlements;
				CODE_SIGN_STYLE = Automatic;
				DEVELOPMENT_ASSET_PATHS = "\"Notes/Preview Content\"";
				DEVELOPMENT_TEAM = HB3E67YK35;
				ENABLE_PREVIEWS = YES;
				INFOPLIST_FILE = Notes/Info.plist;
				INTENTS_CODEGEN_LANGUAGE = Swift;
				IPHONEOS_DEPLOYMENT_TARGET = 14.1;
				LD_RUNPATH_SEARCH_PATHS = (
					"$(inherited)",
					"@executable_path/Frameworks",
				);
				MARKETING_VERSION = 1.1;
				PRODUCT_BUNDLE_IDENTIFIER = com.jemalvarez.Notes;
				PRODUCT_NAME = "$(TARGET_NAME)";
				SUPPORTS_MACCATALYST = YES;
				SWIFT_VERSION = 5.0;
				TARGETED_DEVICE_FAMILY = "1,2";
			};
			name = Release;
		};
		CA8CB99B268FE31D00CD8E6A /* Debug */ = {
			isa = XCBuildConfiguration;
			buildSettings = {
				ASSETCATALOG_COMPILER_GLOBAL_ACCENT_COLOR_NAME = AccentColor;
				ASSETCATALOG_COMPILER_WIDGET_BACKGROUND_COLOR_NAME = WidgetBackground;
				CODE_SIGN_ENTITLEMENTS = NotesWidgetExtension.entitlements;
				CODE_SIGN_STYLE = Automatic;
				DEVELOPMENT_TEAM = HB3E67YK35;
				INFOPLIST_FILE = NotesWidget/Info.plist;
				INTENTS_CODEGEN_LANGUAGE = Swift;
				IPHONEOS_DEPLOYMENT_TARGET = 14.1;
				LD_RUNPATH_SEARCH_PATHS = (
					"$(inherited)",
					"@executable_path/Frameworks",
					"@executable_path/../../Frameworks",
				);
				MARKETING_VERSION = 1.1;
				PRODUCT_BUNDLE_IDENTIFIER = com.jemalvarez.Notes.NotesWidget;
				PRODUCT_NAME = "$(TARGET_NAME)";
				SKIP_INSTALL = YES;
				SUPPORTS_MACCATALYST = YES;
				SWIFT_VERSION = 5.0;
				TARGETED_DEVICE_FAMILY = "1,2";
			};
			name = Debug;
		};
		CA8CB99C268FE31D00CD8E6A /* Release */ = {
			isa = XCBuildConfiguration;
			buildSettings = {
				ASSETCATALOG_COMPILER_GLOBAL_ACCENT_COLOR_NAME = AccentColor;
				ASSETCATALOG_COMPILER_WIDGET_BACKGROUND_COLOR_NAME = WidgetBackground;
				CODE_SIGN_ENTITLEMENTS = NotesWidgetExtension.entitlements;
				CODE_SIGN_STYLE = Automatic;
				DEVELOPMENT_TEAM = HB3E67YK35;
				INFOPLIST_FILE = NotesWidget/Info.plist;
				INTENTS_CODEGEN_LANGUAGE = Swift;
				IPHONEOS_DEPLOYMENT_TARGET = 14.1;
				LD_RUNPATH_SEARCH_PATHS = (
					"$(inherited)",
					"@executable_path/Frameworks",
					"@executable_path/../../Frameworks",
				);
				MARKETING_VERSION = 1.1;
				PRODUCT_BUNDLE_IDENTIFIER = com.jemalvarez.Notes.NotesWidget;
				PRODUCT_NAME = "$(TARGET_NAME)";
				SKIP_INSTALL = YES;
				SUPPORTS_MACCATALYST = YES;
				SWIFT_VERSION = 5.0;
				TARGETED_DEVICE_FAMILY = "1,2";
			};
			name = Release;
		};
		CA8CB9AF268FE3D800CD8E6A /* Debug */ = {
			isa = XCBuildConfiguration;
			buildSettings = {
				CODE_SIGN_ENTITLEMENTS = NotesWdigetIntentExtension/NotesWdigetIntentExtension.entitlements;
				CODE_SIGN_STYLE = Automatic;
				DEVELOPMENT_TEAM = HB3E67YK35;
				INFOPLIST_FILE = NotesWdigetIntentExtension/Info.plist;
				INTENTS_CODEGEN_LANGUAGE = Swift;
				IPHONEOS_DEPLOYMENT_TARGET = 14.1;
				LD_RUNPATH_SEARCH_PATHS = (
					"$(inherited)",
					"@executable_path/Frameworks",
					"@executable_path/../../Frameworks",
				);
				MARKETING_VERSION = 1.1;
				PRODUCT_BUNDLE_IDENTIFIER = com.jemalvarez.Notes.NotesWdigetIntentExtension;
				PRODUCT_NAME = "$(TARGET_NAME)";
				SKIP_INSTALL = YES;
				SUPPORTS_MACCATALYST = YES;
				SWIFT_VERSION = 5.0;
				TARGETED_DEVICE_FAMILY = "1,2";
			};
			name = Debug;
		};
		CA8CB9B0268FE3D800CD8E6A /* Release */ = {
			isa = XCBuildConfiguration;
			buildSettings = {
				CODE_SIGN_ENTITLEMENTS = NotesWdigetIntentExtension/NotesWdigetIntentExtension.entitlements;
				CODE_SIGN_STYLE = Automatic;
				DEVELOPMENT_TEAM = HB3E67YK35;
				INFOPLIST_FILE = NotesWdigetIntentExtension/Info.plist;
				INTENTS_CODEGEN_LANGUAGE = Swift;
				IPHONEOS_DEPLOYMENT_TARGET = 14.1;
				LD_RUNPATH_SEARCH_PATHS = (
					"$(inherited)",
					"@executable_path/Frameworks",
					"@executable_path/../../Frameworks",
				);
				MARKETING_VERSION = 1.1;
				PRODUCT_BUNDLE_IDENTIFIER = com.jemalvarez.Notes.NotesWdigetIntentExtension;
				PRODUCT_NAME = "$(TARGET_NAME)";
				SKIP_INSTALL = YES;
				SUPPORTS_MACCATALYST = YES;
				SWIFT_VERSION = 5.0;
				TARGETED_DEVICE_FAMILY = "1,2";
			};
			name = Release;
		};
/* End XCBuildConfiguration section */

/* Begin XCConfigurationList section */
		CA315D2E26900843005C97B0 /* Build configuration list for PBXNativeTarget "NotesWatch Extension" */ = {
			isa = XCConfigurationList;
			buildConfigurations = (
				CA315D2F26900843005C97B0 /* Debug */,
				CA315D3026900843005C97B0 /* Release */,
			);
			defaultConfigurationIsVisible = 0;
			defaultConfigurationName = Release;
		};
		CA315D3226900843005C97B0 /* Build configuration list for PBXNativeTarget "NotesWatch" */ = {
			isa = XCConfigurationList;
			buildConfigurations = (
				CA315D3326900843005C97B0 /* Debug */,
				CA315D3426900843005C97B0 /* Release */,
			);
			defaultConfigurationIsVisible = 0;
			defaultConfigurationName = Release;
		};
		CA6F5FDC268A31FD00B34727 /* Build configuration list for PBXProject "Notes" */ = {
			isa = XCConfigurationList;
			buildConfigurations = (
				CA6F5FEE268A320000B34727 /* Debug */,
				CA6F5FEF268A320000B34727 /* Release */,
			);
			defaultConfigurationIsVisible = 0;
			defaultConfigurationName = Release;
		};
		CA6F5FF0268A320000B34727 /* Build configuration list for PBXNativeTarget "Notes" */ = {
			isa = XCConfigurationList;
			buildConfigurations = (
				CA6F5FF1268A320000B34727 /* Debug */,
				CA6F5FF2268A320000B34727 /* Release */,
			);
			defaultConfigurationIsVisible = 0;
			defaultConfigurationName = Release;
		};
		CA8CB99D268FE31D00CD8E6A /* Build configuration list for PBXNativeTarget "NotesWidgetExtension" */ = {
			isa = XCConfigurationList;
			buildConfigurations = (
				CA8CB99B268FE31D00CD8E6A /* Debug */,
				CA8CB99C268FE31D00CD8E6A /* Release */,
			);
			defaultConfigurationIsVisible = 0;
			defaultConfigurationName = Release;
		};
		CA8CB9AE268FE3D800CD8E6A /* Build configuration list for PBXNativeTarget "NotesWdigetIntentExtension" */ = {
			isa = XCConfigurationList;
			buildConfigurations = (
				CA8CB9AF268FE3D800CD8E6A /* Debug */,
				CA8CB9B0268FE3D800CD8E6A /* Release */,
			);
			defaultConfigurationIsVisible = 0;
			defaultConfigurationName = Release;
		};
/* End XCConfigurationList section */

/* Begin XCRemoteSwiftPackageReference section */
		CA34D1D1268D64E6007E260C /* XCRemoteSwiftPackageReference "SwifterSwift" */ = {
			isa = XCRemoteSwiftPackageReference;
			repositoryURL = "https://github.com/SwifterSwift/SwifterSwift.git";
			requirement = {
				kind = upToNextMajorVersion;
				minimumVersion = 5.2.0;
			};
		};
/* End XCRemoteSwiftPackageReference section */

/* Begin XCSwiftPackageProductDependency section */
		CA34D1D2268D64E6007E260C /* SwifterSwift */ = {
			isa = XCSwiftPackageProductDependency;
			package = CA34D1D1268D64E6007E260C /* XCRemoteSwiftPackageReference "SwifterSwift" */;
			productName = SwifterSwift;
		};
/* End XCSwiftPackageProductDependency section */

/* Begin XCVersionGroup section */
		CA6F5FF8268A335700B34727 /* NoteDataModel.xcdatamodeld */ = {
			isa = XCVersionGroup;
			children = (
				CAA8FDAB268E55460006FFF5 /* NoteDataModel 2.xcdatamodel */,
				CA6F5FF9268A335700B34727 /* NoteDataModel.xcdatamodel */,
			);
			currentVersion = CAA8FDAB268E55460006FFF5 /* NoteDataModel 2.xcdatamodel */;
			path = NoteDataModel.xcdatamodeld;
			sourceTree = "<group>";
			versionGroupType = wrapper.xcdatamodel;
		};
/* End XCVersionGroup section */
	};
	rootObject = CA6F5FD9268A31FD00B34727 /* Project object */;
}
